// !$*UTF8*$!
{
	archiveVersion = 1;
	classes = {
	};
	objectVersion = 52;
	objects = {

/* Begin PBXBuildFile section */
		88317AC4257B747F004EF553 /* RegisterService.swift in Sources */ = {isa = PBXBuildFile; fileRef = 88317AC3257B747F004EF553 /* RegisterService.swift */; };
		88317AC7257B8D29004EF553 /* ConnectionService.swift in Sources */ = {isa = PBXBuildFile; fileRef = 88317AC6257B8D29004EF553 /* ConnectionService.swift */; };
		88317ACB257B933F004EF553 /* NetworkService.swift in Sources */ = {isa = PBXBuildFile; fileRef = 88317ACA257B933F004EF553 /* NetworkService.swift */; };
		88317AD0257B9E59004EF553 /* ConnectionErrorViewController.swift in Sources */ = {isa = PBXBuildFile; fileRef = 88317ACF257B9E59004EF553 /* ConnectionErrorViewController.swift */; };
		88497406257BC3D5001EAC2A /* UserDefaultsService.swift in Sources */ = {isa = PBXBuildFile; fileRef = 88497405257BC3D5001EAC2A /* UserDefaultsService.swift */; };
		88AA2D8425778AA4002B0DD9 /* AppDelegate.swift in Sources */ = {isa = PBXBuildFile; fileRef = 88AA2D8325778AA4002B0DD9 /* AppDelegate.swift */; };
		88AA2D8D25778AA5002B0DD9 /* Assets.xcassets in Resources */ = {isa = PBXBuildFile; fileRef = 88AA2D8C25778AA5002B0DD9 /* Assets.xcassets */; };
		88AA2D9025778AA5002B0DD9 /* LaunchScreen.storyboard in Resources */ = {isa = PBXBuildFile; fileRef = 88AA2D8E25778AA5002B0DD9 /* LaunchScreen.storyboard */; };
		88AA2D9F25778D6E002B0DD9 /* Router.swift in Sources */ = {isa = PBXBuildFile; fileRef = 88AA2D9E25778D6E002B0DD9 /* Router.swift */; };
		88AA2DA525778FE3002B0DD9 /* Assembly.swift in Sources */ = {isa = PBXBuildFile; fileRef = 88AA2DA425778FE3002B0DD9 /* Assembly.swift */; };
		88AA2DA8257790EA002B0DD9 /* MainViewController.swift in Sources */ = {isa = PBXBuildFile; fileRef = 88AA2DA7257790EA002B0DD9 /* MainViewController.swift */; };
		88AA2DB0257791A8002B0DD9 /* MainContract.swift in Sources */ = {isa = PBXBuildFile; fileRef = 88AA2DAF257791A8002B0DD9 /* MainContract.swift */; };
		88AA2DB3257791FB002B0DD9 /* MainPresenter.swift in Sources */ = {isa = PBXBuildFile; fileRef = 88AA2DB2257791FB002B0DD9 /* MainPresenter.swift */; };
		88AA2DBE25779B3D002B0DD9 /* SnapKit in Frameworks */ = {isa = PBXBuildFile; productRef = 88AA2DBD25779B3D002B0DD9 /* SnapKit */; };
		88AA2DC225779CB0002B0DD9 /* LoginContract.swift in Sources */ = {isa = PBXBuildFile; fileRef = 88AA2DC125779CB0002B0DD9 /* LoginContract.swift */; };
		88AA2DC825779D18002B0DD9 /* LoginViewController.swift in Sources */ = {isa = PBXBuildFile; fileRef = 88AA2DC725779D18002B0DD9 /* LoginViewController.swift */; };
		88AA2DCB25779D79002B0DD9 /* LoginPresenter.swift in Sources */ = {isa = PBXBuildFile; fileRef = 88AA2DCA25779D79002B0DD9 /* LoginPresenter.swift */; };
		88AA2DCE2577A76F002B0DD9 /* Assets.swift in Sources */ = {isa = PBXBuildFile; fileRef = 88AA2DCD2577A76F002B0DD9 /* Assets.swift */; };
		88AA2DD32577B3E0002B0DD9 /* Commissioner-Medium.ttf in Resources */ = {isa = PBXBuildFile; fileRef = 88AA2DD22577B3E0002B0DD9 /* Commissioner-Medium.ttf */; };
		88AA2DD62577B3EE002B0DD9 /* Roboto-Regular.ttf in Resources */ = {isa = PBXBuildFile; fileRef = 88AA2DD52577B3EE002B0DD9 /* Roboto-Regular.ttf */; };
		88AA2DD92577B424002B0DD9 /* Fonts.swift in Sources */ = {isa = PBXBuildFile; fileRef = 88AA2DD82577B424002B0DD9 /* Fonts.swift */; };
		88AA2DDE2577B66C002B0DD9 /* UIView+Ex.swift in Sources */ = {isa = PBXBuildFile; fileRef = 88AA2DDD2577B66C002B0DD9 /* UIView+Ex.swift */; };
		88AA2DEA2577E272002B0DD9 /* Localizable.strings in Resources */ = {isa = PBXBuildFile; fileRef = 88AA2DEC2577E272002B0DD9 /* Localizable.strings */; };
		88AA2DF12577E789002B0DD9 /* UILabel+Ex.swift in Sources */ = {isa = PBXBuildFile; fileRef = 88AA2DF02577E789002B0DD9 /* UILabel+Ex.swift */; };
		88AA2DF42577F1B0002B0DD9 /* Colors.swift in Sources */ = {isa = PBXBuildFile; fileRef = 88AA2DF32577F1B0002B0DD9 /* Colors.swift */; };
		88AA2DF72577F200002B0DD9 /* Colors.xcassets in Resources */ = {isa = PBXBuildFile; fileRef = 88AA2DF62577F200002B0DD9 /* Colors.xcassets */; };
		88AA2DFA2577F260002B0DD9 /* UIButton+Ex.swift in Sources */ = {isa = PBXBuildFile; fileRef = 88AA2DF92577F260002B0DD9 /* UIButton+Ex.swift */; };
		88AA2E05257810E1002B0DD9 /* FirebaseAnalytics in Frameworks */ = {isa = PBXBuildFile; productRef = 88AA2E04257810E1002B0DD9 /* FirebaseAnalytics */; };
		88AA2E07257810E1002B0DD9 /* FirebaseStorage in Frameworks */ = {isa = PBXBuildFile; productRef = 88AA2E06257810E1002B0DD9 /* FirebaseStorage */; };
		88AA2E09257810E1002B0DD9 /* FirebaseAuth in Frameworks */ = {isa = PBXBuildFile; productRef = 88AA2E08257810E1002B0DD9 /* FirebaseAuth */; };
		88AA2E0B257810E1002B0DD9 /* FirebaseDatabase in Frameworks */ = {isa = PBXBuildFile; productRef = 88AA2E0A257810E1002B0DD9 /* FirebaseDatabase */; };
		88AA2E152578157A002B0DD9 /* GoogleService-Info.plist in Resources */ = {isa = PBXBuildFile; fileRef = 88AA2E142578157A002B0DD9 /* GoogleService-Info.plist */; };
		88AA2E1D25781710002B0DD9 /* RegisterContract.swift in Sources */ = {isa = PBXBuildFile; fileRef = 88AA2E1C25781710002B0DD9 /* RegisterContract.swift */; };
		88AA2E2225781763002B0DD9 /* RegisterViewController.swift in Sources */ = {isa = PBXBuildFile; fileRef = 88AA2E2125781763002B0DD9 /* RegisterViewController.swift */; };
		88AA2E2625781799002B0DD9 /* RegisterPresenter.swift in Sources */ = {isa = PBXBuildFile; fileRef = 88AA2E2525781799002B0DD9 /* RegisterPresenter.swift */; };
		88AA2E4F257A42F7002B0DD9 /* RegistrationView.swift in Sources */ = {isa = PBXBuildFile; fileRef = 88AA2E4E257A42F7002B0DD9 /* RegistrationView.swift */; };
		88AA2E53257A7966002B0DD9 /* PrivacyViewController.swift in Sources */ = {isa = PBXBuildFile; fileRef = 88AA2E52257A7966002B0DD9 /* PrivacyViewController.swift */; };
		88AA2E56257A7BED002B0DD9 /* UITapGesture+Ex.swift in Sources */ = {isa = PBXBuildFile; fileRef = 88AA2E55257A7BED002B0DD9 /* UITapGesture+Ex.swift */; };
		88AA2E5A257A99B8002B0DD9 /* String+Ex.swift in Sources */ = {isa = PBXBuildFile; fileRef = 88AA2E59257A99B8002B0DD9 /* String+Ex.swift */; };
/* End PBXBuildFile section */

/* Begin PBXFileReference section */
		88317AC3257B747F004EF553 /* RegisterService.swift */ = {isa = PBXFileReference; lastKnownFileType = sourcecode.swift; path = RegisterService.swift; sourceTree = "<group>"; };
		88317AC6257B8D29004EF553 /* ConnectionService.swift */ = {isa = PBXFileReference; lastKnownFileType = sourcecode.swift; path = ConnectionService.swift; sourceTree = "<group>"; };
		88317ACA257B933F004EF553 /* NetworkService.swift */ = {isa = PBXFileReference; lastKnownFileType = sourcecode.swift; path = NetworkService.swift; sourceTree = "<group>"; };
		88317ACF257B9E59004EF553 /* ConnectionErrorViewController.swift */ = {isa = PBXFileReference; lastKnownFileType = sourcecode.swift; path = ConnectionErrorViewController.swift; sourceTree = "<group>"; };
		88497405257BC3D5001EAC2A /* UserDefaultsService.swift */ = {isa = PBXFileReference; lastKnownFileType = sourcecode.swift; path = UserDefaultsService.swift; sourceTree = "<group>"; };
		88AA2D8025778AA4002B0DD9 /* SportApp.app */ = {isa = PBXFileReference; explicitFileType = wrapper.application; includeInIndex = 0; path = SportApp.app; sourceTree = BUILT_PRODUCTS_DIR; };
		88AA2D8325778AA4002B0DD9 /* AppDelegate.swift */ = {isa = PBXFileReference; lastKnownFileType = sourcecode.swift; path = AppDelegate.swift; sourceTree = "<group>"; };
		88AA2D8C25778AA5002B0DD9 /* Assets.xcassets */ = {isa = PBXFileReference; lastKnownFileType = folder.assetcatalog; path = Assets.xcassets; sourceTree = "<group>"; };
		88AA2D8F25778AA5002B0DD9 /* Base */ = {isa = PBXFileReference; lastKnownFileType = file.storyboard; name = Base; path = Base.lproj/LaunchScreen.storyboard; sourceTree = "<group>"; };
		88AA2D9125778AA5002B0DD9 /* Info.plist */ = {isa = PBXFileReference; lastKnownFileType = text.plist.xml; path = Info.plist; sourceTree = "<group>"; };
		88AA2D9E25778D6E002B0DD9 /* Router.swift */ = {isa = PBXFileReference; lastKnownFileType = sourcecode.swift; path = Router.swift; sourceTree = "<group>"; };
		88AA2DA425778FE3002B0DD9 /* Assembly.swift */ = {isa = PBXFileReference; lastKnownFileType = sourcecode.swift; path = Assembly.swift; sourceTree = "<group>"; };
		88AA2DA7257790EA002B0DD9 /* MainViewController.swift */ = {isa = PBXFileReference; lastKnownFileType = sourcecode.swift; path = MainViewController.swift; sourceTree = "<group>"; };
		88AA2DAF257791A8002B0DD9 /* MainContract.swift */ = {isa = PBXFileReference; lastKnownFileType = sourcecode.swift; path = MainContract.swift; sourceTree = "<group>"; };
		88AA2DB2257791FB002B0DD9 /* MainPresenter.swift */ = {isa = PBXFileReference; lastKnownFileType = sourcecode.swift; path = MainPresenter.swift; sourceTree = "<group>"; };
		88AA2DC125779CB0002B0DD9 /* LoginContract.swift */ = {isa = PBXFileReference; lastKnownFileType = sourcecode.swift; path = LoginContract.swift; sourceTree = "<group>"; };
		88AA2DC725779D18002B0DD9 /* LoginViewController.swift */ = {isa = PBXFileReference; lastKnownFileType = sourcecode.swift; path = LoginViewController.swift; sourceTree = "<group>"; };
		88AA2DCA25779D79002B0DD9 /* LoginPresenter.swift */ = {isa = PBXFileReference; lastKnownFileType = sourcecode.swift; path = LoginPresenter.swift; sourceTree = "<group>"; };
		88AA2DCD2577A76F002B0DD9 /* Assets.swift */ = {isa = PBXFileReference; lastKnownFileType = sourcecode.swift; path = Assets.swift; sourceTree = "<group>"; };
		88AA2DD22577B3E0002B0DD9 /* Commissioner-Medium.ttf */ = {isa = PBXFileReference; lastKnownFileType = file; path = "Commissioner-Medium.ttf"; sourceTree = "<group>"; };
		88AA2DD52577B3EE002B0DD9 /* Roboto-Regular.ttf */ = {isa = PBXFileReference; lastKnownFileType = file; path = "Roboto-Regular.ttf"; sourceTree = "<group>"; };
		88AA2DD82577B424002B0DD9 /* Fonts.swift */ = {isa = PBXFileReference; lastKnownFileType = sourcecode.swift; path = Fonts.swift; sourceTree = "<group>"; };
		88AA2DDD2577B66C002B0DD9 /* UIView+Ex.swift */ = {isa = PBXFileReference; lastKnownFileType = sourcecode.swift; path = "UIView+Ex.swift"; sourceTree = "<group>"; };
		88AA2DE12577E1B1002B0DD9 /* ru */ = {isa = PBXFileReference; lastKnownFileType = text.plist.strings; name = ru; path = ru.lproj/LaunchScreen.strings; sourceTree = "<group>"; };
		88AA2DEB2577E272002B0DD9 /* en */ = {isa = PBXFileReference; lastKnownFileType = text.plist.strings; name = en; path = en.lproj/Localizable.strings; sourceTree = "<group>"; };
		88AA2DEE2577E278002B0DD9 /* ru */ = {isa = PBXFileReference; lastKnownFileType = text.plist.strings; name = ru; path = ru.lproj/Localizable.strings; sourceTree = "<group>"; };
		88AA2DF02577E789002B0DD9 /* UILabel+Ex.swift */ = {isa = PBXFileReference; lastKnownFileType = sourcecode.swift; path = "UILabel+Ex.swift"; sourceTree = "<group>"; };
		88AA2DF32577F1B0002B0DD9 /* Colors.swift */ = {isa = PBXFileReference; lastKnownFileType = sourcecode.swift; path = Colors.swift; sourceTree = "<group>"; };
		88AA2DF62577F200002B0DD9 /* Colors.xcassets */ = {isa = PBXFileReference; lastKnownFileType = folder.assetcatalog; path = Colors.xcassets; sourceTree = "<group>"; };
		88AA2DF92577F260002B0DD9 /* UIButton+Ex.swift */ = {isa = PBXFileReference; lastKnownFileType = sourcecode.swift; path = "UIButton+Ex.swift"; sourceTree = "<group>"; };
		88AA2E142578157A002B0DD9 /* GoogleService-Info.plist */ = {isa = PBXFileReference; fileEncoding = 4; lastKnownFileType = text.plist.xml; path = "GoogleService-Info.plist"; sourceTree = "<group>"; };
		88AA2E1C25781710002B0DD9 /* RegisterContract.swift */ = {isa = PBXFileReference; lastKnownFileType = sourcecode.swift; path = RegisterContract.swift; sourceTree = "<group>"; };
		88AA2E2125781763002B0DD9 /* RegisterViewController.swift */ = {isa = PBXFileReference; lastKnownFileType = sourcecode.swift; path = RegisterViewController.swift; sourceTree = "<group>"; };
		88AA2E2525781799002B0DD9 /* RegisterPresenter.swift */ = {isa = PBXFileReference; lastKnownFileType = sourcecode.swift; path = RegisterPresenter.swift; sourceTree = "<group>"; };
		88AA2E4E257A42F7002B0DD9 /* RegistrationView.swift */ = {isa = PBXFileReference; lastKnownFileType = sourcecode.swift; path = RegistrationView.swift; sourceTree = "<group>"; };
		88AA2E52257A7966002B0DD9 /* PrivacyViewController.swift */ = {isa = PBXFileReference; lastKnownFileType = sourcecode.swift; path = PrivacyViewController.swift; sourceTree = "<group>"; };
		88AA2E55257A7BED002B0DD9 /* UITapGesture+Ex.swift */ = {isa = PBXFileReference; lastKnownFileType = sourcecode.swift; path = "UITapGesture+Ex.swift"; sourceTree = "<group>"; };
		88AA2E59257A99B8002B0DD9 /* String+Ex.swift */ = {isa = PBXFileReference; lastKnownFileType = sourcecode.swift; path = "String+Ex.swift"; sourceTree = "<group>"; };
/* End PBXFileReference section */

/* Begin PBXFrameworksBuildPhase section */
		88AA2D7D25778AA4002B0DD9 /* Frameworks */ = {
			isa = PBXFrameworksBuildPhase;
			buildActionMask = 2147483647;
			files = (
				88AA2E0B257810E1002B0DD9 /* FirebaseDatabase in Frameworks */,
				88AA2E05257810E1002B0DD9 /* FirebaseAnalytics in Frameworks */,
				88AA2DBE25779B3D002B0DD9 /* SnapKit in Frameworks */,
				88AA2E07257810E1002B0DD9 /* FirebaseStorage in Frameworks */,
				88AA2E09257810E1002B0DD9 /* FirebaseAuth in Frameworks */,
			);
			runOnlyForDeploymentPostprocessing = 0;
		};
/* End PBXFrameworksBuildPhase section */

/* Begin PBXGroup section */
		88317AC1257B738A004EF553 /* Services */ = {
			isa = PBXGroup;
			children = (
				88317ACA257B933F004EF553 /* NetworkService.swift */,
				88317AC3257B747F004EF553 /* RegisterService.swift */,
				88317AC6257B8D29004EF553 /* ConnectionService.swift */,
				88497405257BC3D5001EAC2A /* UserDefaultsService.swift */,
			);
			path = Services;
			sourceTree = "<group>";
		};
		88317ACE257B9E41004EF553 /* ConnectionError */ = {
			isa = PBXGroup;
			children = (
				88317ACF257B9E59004EF553 /* ConnectionErrorViewController.swift */,
			);
			path = ConnectionError;
			sourceTree = "<group>";
		};
		88497403257BB7CA001EAC2A /* Model */ = {
			isa = PBXGroup;
			children = (
			);
			path = Model;
			sourceTree = "<group>";
		};
		88497409257BCB69001EAC2A /* Steps */ = {
			isa = PBXGroup;
			children = (
			);
			path = Steps;
			sourceTree = "<group>";
		};
		88AA2D7725778AA4002B0DD9 = {
			isa = PBXGroup;
			children = (
				88AA2D8225778AA4002B0DD9 /* SportApp */,
				88AA2D8125778AA4002B0DD9 /* Products */,
			);
			sourceTree = "<group>";
		};
		88AA2D8125778AA4002B0DD9 /* Products */ = {
			isa = PBXGroup;
			children = (
				88AA2D8025778AA4002B0DD9 /* SportApp.app */,
			);
			name = Products;
			sourceTree = "<group>";
		};
		88AA2D8225778AA4002B0DD9 /* SportApp */ = {
			isa = PBXGroup;
			children = (
				88497403257BB7CA001EAC2A /* Model */,
				88AA2D8325778AA4002B0DD9 /* AppDelegate.swift */,
				88AA2DAB2577918F002B0DD9 /* Modules */,
				88317AC1257B738A004EF553 /* Services */,
				88AA2D9D25778D4E002B0DD9 /* Navigation */,
				88AA2D9A25778ACD002B0DD9 /* Recources */,
				88AA2D9925778AC3002B0DD9 /* Supporting files */,
			);
			path = SportApp;
			sourceTree = "<group>";
		};
		88AA2D9925778AC3002B0DD9 /* Supporting files */ = {
			isa = PBXGroup;
			children = (
				88AA2DDC2577B655002B0DD9 /* Extensions */,
				88AA2D8E25778AA5002B0DD9 /* LaunchScreen.storyboard */,
				88AA2D9125778AA5002B0DD9 /* Info.plist */,
				88AA2E142578157A002B0DD9 /* GoogleService-Info.plist */,
			);
			path = "Supporting files";
			sourceTree = "<group>";
		};
		88AA2D9A25778ACD002B0DD9 /* Recources */ = {
			isa = PBXGroup;
			children = (
				88AA2DCD2577A76F002B0DD9 /* Assets.swift */,
				88AA2D8C25778AA5002B0DD9 /* Assets.xcassets */,
				88AA2DD82577B424002B0DD9 /* Fonts.swift */,
				88AA2DD12577B307002B0DD9 /* Fonts */,
				88AA2DEC2577E272002B0DD9 /* Localizable.strings */,
				88AA2DF32577F1B0002B0DD9 /* Colors.swift */,
				88AA2DF62577F200002B0DD9 /* Colors.xcassets */,
			);
			path = Recources;
			sourceTree = "<group>";
		};
		88AA2D9D25778D4E002B0DD9 /* Navigation */ = {
			isa = PBXGroup;
			children = (
				88AA2D9E25778D6E002B0DD9 /* Router.swift */,
				88AA2DA425778FE3002B0DD9 /* Assembly.swift */,
			);
			path = Navigation;
			sourceTree = "<group>";
		};
		88AA2DAB2577918F002B0DD9 /* Modules */ = {
			isa = PBXGroup;
			children = (
				88AA2DC025779C94002B0DD9 /* Login */,
				88AA2E1725781673002B0DD9 /* Registre */,
				88497409257BCB69001EAC2A /* Steps */,
				88AA2DAD2577919B002B0DD9 /* Main */,
				88317ACE257B9E41004EF553 /* ConnectionError */,
			);
			path = Modules;
			sourceTree = "<group>";
		};
		88AA2DAD2577919B002B0DD9 /* Main */ = {
			isa = PBXGroup;
			children = (
				88AA2DAF257791A8002B0DD9 /* MainContract.swift */,
				88AA2DB625779944002B0DD9 /* View */,
				88AA2DB82577994C002B0DD9 /* Presenter */,
			);
			path = Main;
			sourceTree = "<group>";
		};
		88AA2DB625779944002B0DD9 /* View */ = {
			isa = PBXGroup;
			children = (
				88AA2DA7257790EA002B0DD9 /* MainViewController.swift */,
			);
			path = View;
			sourceTree = "<group>";
		};
		88AA2DB82577994C002B0DD9 /* Presenter */ = {
			isa = PBXGroup;
			children = (
				88AA2DB2257791FB002B0DD9 /* MainPresenter.swift */,
			);
			path = Presenter;
			sourceTree = "<group>";
		};
		88AA2DC025779C94002B0DD9 /* Login */ = {
			isa = PBXGroup;
			children = (
				88AA2DC125779CB0002B0DD9 /* LoginContract.swift */,
				88AA2DC525779D01002B0DD9 /* View */,
				88AA2DC625779D05002B0DD9 /* Presenter */,
			);
			path = Login;
			sourceTree = "<group>";
		};
		88AA2DC525779D01002B0DD9 /* View */ = {
			isa = PBXGroup;
			children = (
				88AA2DC725779D18002B0DD9 /* LoginViewController.swift */,
			);
			path = View;
			sourceTree = "<group>";
		};
		88AA2DC625779D05002B0DD9 /* Presenter */ = {
			isa = PBXGroup;
			children = (
				88AA2DCA25779D79002B0DD9 /* LoginPresenter.swift */,
			);
			path = Presenter;
			sourceTree = "<group>";
		};
		88AA2DD12577B307002B0DD9 /* Fonts */ = {
			isa = PBXGroup;
			children = (
				88AA2DD22577B3E0002B0DD9 /* Commissioner-Medium.ttf */,
				88AA2DD52577B3EE002B0DD9 /* Roboto-Regular.ttf */,
			);
			path = Fonts;
			sourceTree = "<group>";
		};
		88AA2DDC2577B655002B0DD9 /* Extensions */ = {
			isa = PBXGroup;
			children = (
				88AA2DDD2577B66C002B0DD9 /* UIView+Ex.swift */,
				88AA2DF02577E789002B0DD9 /* UILabel+Ex.swift */,
				88AA2DF92577F260002B0DD9 /* UIButton+Ex.swift */,
				88AA2E55257A7BED002B0DD9 /* UITapGesture+Ex.swift */,
				88AA2E59257A99B8002B0DD9 /* String+Ex.swift */,
			);
			path = Extensions;
			sourceTree = "<group>";
		};
		88AA2E1725781673002B0DD9 /* Registre */ = {
			isa = PBXGroup;
			children = (
				88AA2E51257A7952002B0DD9 /* Privacy */,
				88AA2E1C25781710002B0DD9 /* RegisterContract.swift */,
				88AA2E1F2578174C002B0DD9 /* View */,
				88AA2E2025781751002B0DD9 /* Presenter */,
			);
			path = Registre;
			sourceTree = "<group>";
		};
		88AA2E1F2578174C002B0DD9 /* View */ = {
			isa = PBXGroup;
			children = (
				88AA2E2125781763002B0DD9 /* RegisterViewController.swift */,
				88AA2E4E257A42F7002B0DD9 /* RegistrationView.swift */,
			);
			path = View;
			sourceTree = "<group>";
		};
		88AA2E2025781751002B0DD9 /* Presenter */ = {
			isa = PBXGroup;
			children = (
				88AA2E2525781799002B0DD9 /* RegisterPresenter.swift */,
			);
			path = Presenter;
			sourceTree = "<group>";
		};
		88AA2E51257A7952002B0DD9 /* Privacy */ = {
			isa = PBXGroup;
			children = (
				88AA2E52257A7966002B0DD9 /* PrivacyViewController.swift */,
			);
			path = Privacy;
			sourceTree = "<group>";
		};
/* End PBXGroup section */

/* Begin PBXNativeTarget section */
		88AA2D7F25778AA4002B0DD9 /* SportApp */ = {
			isa = PBXNativeTarget;
			buildConfigurationList = 88AA2D9425778AA5002B0DD9 /* Build configuration list for PBXNativeTarget "SportApp" */;
			buildPhases = (
				88AA2D7C25778AA4002B0DD9 /* Sources */,
				88AA2D7D25778AA4002B0DD9 /* Frameworks */,
				88AA2D7E25778AA4002B0DD9 /* Resources */,
			);
			buildRules = (
			);
			dependencies = (
			);
			name = SportApp;
			packageProductDependencies = (
				88AA2DBD25779B3D002B0DD9 /* SnapKit */,
				88AA2E04257810E1002B0DD9 /* FirebaseAnalytics */,
				88AA2E06257810E1002B0DD9 /* FirebaseStorage */,
				88AA2E08257810E1002B0DD9 /* FirebaseAuth */,
				88AA2E0A257810E1002B0DD9 /* FirebaseDatabase */,
			);
			productName = SportApp;
			productReference = 88AA2D8025778AA4002B0DD9 /* SportApp.app */;
			productType = "com.apple.product-type.application";
		};
/* End PBXNativeTarget section */

/* Begin PBXProject section */
		88AA2D7825778AA4002B0DD9 /* Project object */ = {
			isa = PBXProject;
			attributes = {
				LastSwiftUpdateCheck = 1220;
				LastUpgradeCheck = 1220;
				TargetAttributes = {
					88AA2D7F25778AA4002B0DD9 = {
						CreatedOnToolsVersion = 12.2;
					};
				};
			};
			buildConfigurationList = 88AA2D7B25778AA4002B0DD9 /* Build configuration list for PBXProject "SportApp" */;
			compatibilityVersion = "Xcode 9.3";
			developmentRegion = en;
			hasScannedForEncodings = 0;
			knownRegions = (
				en,
				Base,
				ru,
			);
			mainGroup = 88AA2D7725778AA4002B0DD9;
			packageReferences = (
				88AA2DBC25779B3D002B0DD9 /* XCRemoteSwiftPackageReference "SnapKit" */,
				88AA2E03257810E1002B0DD9 /* XCRemoteSwiftPackageReference "firebase-ios-sdk" */,
			);
			productRefGroup = 88AA2D8125778AA4002B0DD9 /* Products */;
			projectDirPath = "";
			projectRoot = "";
			targets = (
				88AA2D7F25778AA4002B0DD9 /* SportApp */,
			);
		};
/* End PBXProject section */

/* Begin PBXResourcesBuildPhase section */
		88AA2D7E25778AA4002B0DD9 /* Resources */ = {
			isa = PBXResourcesBuildPhase;
			buildActionMask = 2147483647;
			files = (
				88AA2DEA2577E272002B0DD9 /* Localizable.strings in Resources */,
				88AA2DD32577B3E0002B0DD9 /* Commissioner-Medium.ttf in Resources */,
				88AA2D9025778AA5002B0DD9 /* LaunchScreen.storyboard in Resources */,
				88AA2DF72577F200002B0DD9 /* Colors.xcassets in Resources */,
				88AA2DD62577B3EE002B0DD9 /* Roboto-Regular.ttf in Resources */,
				88AA2D8D25778AA5002B0DD9 /* Assets.xcassets in Resources */,
				88AA2E152578157A002B0DD9 /* GoogleService-Info.plist in Resources */,
			);
			runOnlyForDeploymentPostprocessing = 0;
		};
/* End PBXResourcesBuildPhase section */

/* Begin PBXSourcesBuildPhase section */
		88AA2D7C25778AA4002B0DD9 /* Sources */ = {
			isa = PBXSourcesBuildPhase;
			buildActionMask = 2147483647;
			files = (
				88AA2DB0257791A8002B0DD9 /* MainContract.swift in Sources */,
				88AA2DB3257791FB002B0DD9 /* MainPresenter.swift in Sources */,
				88AA2D9F25778D6E002B0DD9 /* Router.swift in Sources */,
				88317AC7257B8D29004EF553 /* ConnectionService.swift in Sources */,
				88AA2DF42577F1B0002B0DD9 /* Colors.swift in Sources */,
				88317ACB257B933F004EF553 /* NetworkService.swift in Sources */,
				88AA2E1D25781710002B0DD9 /* RegisterContract.swift in Sources */,
				88497406257BC3D5001EAC2A /* UserDefaultsService.swift in Sources */,
				88317AD0257B9E59004EF553 /* ConnectionErrorViewController.swift in Sources */,
				88AA2DCB25779D79002B0DD9 /* LoginPresenter.swift in Sources */,
				88317AC4257B747F004EF553 /* RegisterService.swift in Sources */,
				88AA2DF12577E789002B0DD9 /* UILabel+Ex.swift in Sources */,
				88AA2E53257A7966002B0DD9 /* PrivacyViewController.swift in Sources */,
				88AA2D8425778AA4002B0DD9 /* AppDelegate.swift in Sources */,
				88AA2E2625781799002B0DD9 /* RegisterPresenter.swift in Sources */,
				88AA2DC825779D18002B0DD9 /* LoginViewController.swift in Sources */,
				88AA2DA525778FE3002B0DD9 /* Assembly.swift in Sources */,
				88AA2DA8257790EA002B0DD9 /* MainViewController.swift in Sources */,
				88AA2DFA2577F260002B0DD9 /* UIButton+Ex.swift in Sources */,
				88AA2E4F257A42F7002B0DD9 /* RegistrationView.swift in Sources */,
				88AA2DD92577B424002B0DD9 /* Fonts.swift in Sources */,
				88AA2E2225781763002B0DD9 /* RegisterViewController.swift in Sources */,
				88AA2E56257A7BED002B0DD9 /* UITapGesture+Ex.swift in Sources */,
				88AA2DCE2577A76F002B0DD9 /* Assets.swift in Sources */,
				88AA2E5A257A99B8002B0DD9 /* String+Ex.swift in Sources */,
				88AA2DDE2577B66C002B0DD9 /* UIView+Ex.swift in Sources */,
				88AA2DC225779CB0002B0DD9 /* LoginContract.swift in Sources */,
			);
			runOnlyForDeploymentPostprocessing = 0;
		};
/* End PBXSourcesBuildPhase section */

/* Begin PBXVariantGroup section */
		88AA2D8E25778AA5002B0DD9 /* LaunchScreen.storyboard */ = {
			isa = PBXVariantGroup;
			children = (
				88AA2D8F25778AA5002B0DD9 /* Base */,
				88AA2DE12577E1B1002B0DD9 /* ru */,
			);
			name = LaunchScreen.storyboard;
			sourceTree = "<group>";
		};
		88AA2DEC2577E272002B0DD9 /* Localizable.strings */ = {
			isa = PBXVariantGroup;
			children = (
				88AA2DEB2577E272002B0DD9 /* en */,
				88AA2DEE2577E278002B0DD9 /* ru */,
			);
			name = Localizable.strings;
			sourceTree = "<group>";
		};
/* End PBXVariantGroup section */

/* Begin XCBuildConfiguration section */
		88AA2D9225778AA5002B0DD9 /* Debug */ = {
			isa = XCBuildConfiguration;
			buildSettings = {
				ALWAYS_SEARCH_USER_PATHS = NO;
				CLANG_ANALYZER_LOCALIZABILITY_NONLOCALIZED = YES;
				CLANG_ANALYZER_NONNULL = YES;
				CLANG_ANALYZER_NUMBER_OBJECT_CONVERSION = YES_AGGRESSIVE;
				CLANG_CXX_LANGUAGE_STANDARD = "gnu++14";
				CLANG_CXX_LIBRARY = "libc++";
				CLANG_ENABLE_MODULES = YES;
				CLANG_ENABLE_OBJC_ARC = YES;
				CLANG_ENABLE_OBJC_WEAK = YES;
				CLANG_WARN_BLOCK_CAPTURE_AUTORELEASING = YES;
				CLANG_WARN_BOOL_CONVERSION = YES;
				CLANG_WARN_COMMA = YES;
				CLANG_WARN_CONSTANT_CONVERSION = YES;
				CLANG_WARN_DEPRECATED_OBJC_IMPLEMENTATIONS = YES;
				CLANG_WARN_DIRECT_OBJC_ISA_USAGE = YES_ERROR;
				CLANG_WARN_DOCUMENTATION_COMMENTS = YES;
				CLANG_WARN_EMPTY_BODY = YES;
				CLANG_WARN_ENUM_CONVERSION = YES;
				CLANG_WARN_INFINITE_RECURSION = YES;
				CLANG_WARN_INT_CONVERSION = YES;
				CLANG_WARN_NON_LITERAL_NULL_CONVERSION = YES;
				CLANG_WARN_OBJC_IMPLICIT_RETAIN_SELF = YES;
				CLANG_WARN_OBJC_LITERAL_CONVERSION = YES;
				CLANG_WARN_OBJC_ROOT_CLASS = YES_ERROR;
				CLANG_WARN_QUOTED_INCLUDE_IN_FRAMEWORK_HEADER = YES;
				CLANG_WARN_RANGE_LOOP_ANALYSIS = YES;
				CLANG_WARN_STRICT_PROTOTYPES = YES;
				CLANG_WARN_SUSPICIOUS_MOVE = YES;
				CLANG_WARN_UNGUARDED_AVAILABILITY = YES_AGGRESSIVE;
				CLANG_WARN_UNREACHABLE_CODE = YES;
				CLANG_WARN__DUPLICATE_METHOD_MATCH = YES;
				COPY_PHASE_STRIP = NO;
				DEBUG_INFORMATION_FORMAT = dwarf;
				ENABLE_STRICT_OBJC_MSGSEND = YES;
				ENABLE_TESTABILITY = YES;
				GCC_C_LANGUAGE_STANDARD = gnu11;
				GCC_DYNAMIC_NO_PIC = NO;
				GCC_NO_COMMON_BLOCKS = YES;
				GCC_OPTIMIZATION_LEVEL = 0;
				GCC_PREPROCESSOR_DEFINITIONS = (
					"DEBUG=1",
					"$(inherited)",
				);
				GCC_WARN_64_TO_32_BIT_CONVERSION = YES;
				GCC_WARN_ABOUT_RETURN_TYPE = YES_ERROR;
				GCC_WARN_UNDECLARED_SELECTOR = YES;
				GCC_WARN_UNINITIALIZED_AUTOS = YES_AGGRESSIVE;
				GCC_WARN_UNUSED_FUNCTION = YES;
				GCC_WARN_UNUSED_VARIABLE = YES;
				IPHONEOS_DEPLOYMENT_TARGET = 14.2;
				MTL_ENABLE_DEBUG_INFO = INCLUDE_SOURCE;
				MTL_FAST_MATH = YES;
				ONLY_ACTIVE_ARCH = YES;
				SDKROOT = iphoneos;
				SWIFT_ACTIVE_COMPILATION_CONDITIONS = DEBUG;
				SWIFT_OPTIMIZATION_LEVEL = "-Onone";
			};
			name = Debug;
		};
		88AA2D9325778AA5002B0DD9 /* Release */ = {
			isa = XCBuildConfiguration;
			buildSettings = {
				ALWAYS_SEARCH_USER_PATHS = NO;
				CLANG_ANALYZER_LOCALIZABILITY_NONLOCALIZED = YES;
				CLANG_ANALYZER_NONNULL = YES;
				CLANG_ANALYZER_NUMBER_OBJECT_CONVERSION = YES_AGGRESSIVE;
				CLANG_CXX_LANGUAGE_STANDARD = "gnu++14";
				CLANG_CXX_LIBRARY = "libc++";
				CLANG_ENABLE_MODULES = YES;
				CLANG_ENABLE_OBJC_ARC = YES;
				CLANG_ENABLE_OBJC_WEAK = YES;
				CLANG_WARN_BLOCK_CAPTURE_AUTORELEASING = YES;
				CLANG_WARN_BOOL_CONVERSION = YES;
				CLANG_WARN_COMMA = YES;
				CLANG_WARN_CONSTANT_CONVERSION = YES;
				CLANG_WARN_DEPRECATED_OBJC_IMPLEMENTATIONS = YES;
				CLANG_WARN_DIRECT_OBJC_ISA_USAGE = YES_ERROR;
				CLANG_WARN_DOCUMENTATION_COMMENTS = YES;
				CLANG_WARN_EMPTY_BODY = YES;
				CLANG_WARN_ENUM_CONVERSION = YES;
				CLANG_WARN_INFINITE_RECURSION = YES;
				CLANG_WARN_INT_CONVERSION = YES;
				CLANG_WARN_NON_LITERAL_NULL_CONVERSION = YES;
				CLANG_WARN_OBJC_IMPLICIT_RETAIN_SELF = YES;
				CLANG_WARN_OBJC_LITERAL_CONVERSION = YES;
				CLANG_WARN_OBJC_ROOT_CLASS = YES_ERROR;
				CLANG_WARN_QUOTED_INCLUDE_IN_FRAMEWORK_HEADER = YES;
				CLANG_WARN_RANGE_LOOP_ANALYSIS = YES;
				CLANG_WARN_STRICT_PROTOTYPES = YES;
				CLANG_WARN_SUSPICIOUS_MOVE = YES;
				CLANG_WARN_UNGUARDED_AVAILABILITY = YES_AGGRESSIVE;
				CLANG_WARN_UNREACHABLE_CODE = YES;
				CLANG_WARN__DUPLICATE_METHOD_MATCH = YES;
				COPY_PHASE_STRIP = NO;
				DEBUG_INFORMATION_FORMAT = "dwarf-with-dsym";
				ENABLE_NS_ASSERTIONS = NO;
				ENABLE_STRICT_OBJC_MSGSEND = YES;
				GCC_C_LANGUAGE_STANDARD = gnu11;
				GCC_NO_COMMON_BLOCKS = YES;
				GCC_WARN_64_TO_32_BIT_CONVERSION = YES;
				GCC_WARN_ABOUT_RETURN_TYPE = YES_ERROR;
				GCC_WARN_UNDECLARED_SELECTOR = YES;
				GCC_WARN_UNINITIALIZED_AUTOS = YES_AGGRESSIVE;
				GCC_WARN_UNUSED_FUNCTION = YES;
				GCC_WARN_UNUSED_VARIABLE = YES;
				IPHONEOS_DEPLOYMENT_TARGET = 14.2;
				MTL_ENABLE_DEBUG_INFO = NO;
				MTL_FAST_MATH = YES;
				SDKROOT = iphoneos;
				SWIFT_COMPILATION_MODE = wholemodule;
				SWIFT_OPTIMIZATION_LEVEL = "-O";
				VALIDATE_PRODUCT = YES;
			};
			name = Release;
		};
		88AA2D9525778AA5002B0DD9 /* Debug */ = {
			isa = XCBuildConfiguration;
			buildSettings = {
				ASSETCATALOG_COMPILER_APPICON_NAME = AppIcon;
				ASSETCATALOG_COMPILER_GLOBAL_ACCENT_COLOR_NAME = AccentColor;
				CODE_SIGN_STYLE = Automatic;
				DEVELOPMENT_TEAM = PYXQK42C65;
				INFOPLIST_FILE = "SportApp/Supporting files/Info.plist";
				IPHONEOS_DEPLOYMENT_TARGET = 12.0;
				LD_RUNPATH_SEARCH_PATHS = (
					"$(inherited)",
					"@executable_path/Frameworks",
				);
				OTHER_LDFLAGS = "-ObjC";
				PRODUCT_BUNDLE_IDENTIFIER = com.mewdigital.sportfit;
				PRODUCT_NAME = "$(TARGET_NAME)";
				SWIFT_VERSION = 5.0;
				TARGETED_DEVICE_FAMILY = 1;
			};
			name = Debug;
		};
		88AA2D9625778AA5002B0DD9 /* Release */ = {
			isa = XCBuildConfiguration;
			buildSettings = {
				ASSETCATALOG_COMPILER_APPICON_NAME = AppIcon;
				ASSETCATALOG_COMPILER_GLOBAL_ACCENT_COLOR_NAME = AccentColor;
				CODE_SIGN_STYLE = Automatic;
				DEVELOPMENT_TEAM = PYXQK42C65;
				INFOPLIST_FILE = "SportApp/Supporting files/Info.plist";
				IPHONEOS_DEPLOYMENT_TARGET = 12.0;
				LD_RUNPATH_SEARCH_PATHS = (
					"$(inherited)",
					"@executable_path/Frameworks",
				);
				OTHER_LDFLAGS = "-ObjC";
				PRODUCT_BUNDLE_IDENTIFIER = com.mewdigital.sportfit;
				PRODUCT_NAME = "$(TARGET_NAME)";
				SWIFT_VERSION = 5.0;
				TARGETED_DEVICE_FAMILY = 1;
			};
			name = Release;
		};
/* End XCBuildConfiguration section */

/* Begin XCConfigurationList section */
		88AA2D7B25778AA4002B0DD9 /* Build configuration list for PBXProject "SportApp" */ = {
			isa = XCConfigurationList;
			buildConfigurations = (
				88AA2D9225778AA5002B0DD9 /* Debug */,
				88AA2D9325778AA5002B0DD9 /* Release */,
			);
			defaultConfigurationIsVisible = 0;
			defaultConfigurationName = Release;
		};
		88AA2D9425778AA5002B0DD9 /* Build configuration list for PBXNativeTarget "SportApp" */ = {
			isa = XCConfigurationList;
			buildConfigurations = (
				88AA2D9525778AA5002B0DD9 /* Debug */,
				88AA2D9625778AA5002B0DD9 /* Release */,
			);
			defaultConfigurationIsVisible = 0;
			defaultConfigurationName = Release;
		};
/* End XCConfigurationList section */

/* Begin XCRemoteSwiftPackageReference section */
		88AA2DBC25779B3D002B0DD9 /* XCRemoteSwiftPackageReference "SnapKit" */ = {
			isa = XCRemoteSwiftPackageReference;
			repositoryURL = "https://github.com/SnapKit/SnapKit.git";
			requirement = {
				kind = upToNextMajorVersion;
				minimumVersion = 5.0.1;
			};
		};
		88AA2E03257810E1002B0DD9 /* XCRemoteSwiftPackageReference "firebase-ios-sdk" */ = {
			isa = XCRemoteSwiftPackageReference;
			repositoryURL = "https://github.com/firebase/firebase-ios-sdk.git";
			requirement = {
				kind = upToNextMajorVersion;
				minimumVersion = 7.1.0;
			};
		};
/* End XCRemoteSwiftPackageReference section */

/* Begin XCSwiftPackageProductDependency section */
		88AA2DBD25779B3D002B0DD9 /* SnapKit */ = {
			isa = XCSwiftPackageProductDependency;
			package = 88AA2DBC25779B3D002B0DD9 /* XCRemoteSwiftPackageReference "SnapKit" */;
			productName = SnapKit;
		};
		88AA2E04257810E1002B0DD9 /* FirebaseAnalytics */ = {
			isa = XCSwiftPackageProductDependency;
			package = 88AA2E03257810E1002B0DD9 /* XCRemoteSwiftPackageReference "firebase-ios-sdk" */;
			productName = FirebaseAnalytics;
		};
		88AA2E06257810E1002B0DD9 /* FirebaseStorage */ = {
			isa = XCSwiftPackageProductDependency;
			package = 88AA2E03257810E1002B0DD9 /* XCRemoteSwiftPackageReference "firebase-ios-sdk" */;
			productName = FirebaseStorage;
		};
		88AA2E08257810E1002B0DD9 /* FirebaseAuth */ = {
			isa = XCSwiftPackageProductDependency;
			package = 88AA2E03257810E1002B0DD9 /* XCRemoteSwiftPackageReference "firebase-ios-sdk" */;
			productName = FirebaseAuth;
		};
		88AA2E0A257810E1002B0DD9 /* FirebaseDatabase */ = {
			isa = XCSwiftPackageProductDependency;
			package = 88AA2E03257810E1002B0DD9 /* XCRemoteSwiftPackageReference "firebase-ios-sdk" */;
			productName = FirebaseDatabase;
		};
/* End XCSwiftPackageProductDependency section */
	};
	rootObject = 88AA2D7825778AA4002B0DD9 /* Project object */;
}
